# THIS IS AN AUTOGENERATED FILE. DO NOT EDIT THIS FILE DIRECTLY.
# yarn lockfile v1


"@prisma/bar@^0.0.1":
  version "0.0.1"
  resolved "https://registry.yarnpkg.com/@prisma/bar/-/bar-0.0.1.tgz"
  integrity sha512-FVLhwVkbfhXlBhroWfIXMLi+3Jh9IEzYp+9z+MUUiw3ZsbcoAil7CN9/QIjHc4/TcCRyRfuSmT7qCnn4O+TjJw==

"@prisma/cli@2.14.0":
  version "2.14.0"
  resolved "https://registry.yarnpkg.com/@prisma/cli/-/cli-2.14.0.tgz"
  integrity sha512-zKYiOGlc/Y0VVRQew0jMR2sGSFnKnNGlgY4ToB5K1JMv7jCg51w+FJe2FwTOF4uWv+0Yp2KC1b0TAP8KUbNJ3A==
  dependencies:
    "@prisma/bar" "^0.0.1"
    "@prisma/engines" "2.14.0-28.5d491261d382a2a5ffdc71de17072b0e409f1cc1"

"@prisma/client@2.14.0":
  version "2.14.0"
  resolved "https://registry.yarnpkg.com/@prisma/client/-/client-2.14.0.tgz"
  integrity sha512-0PiiZ2maM9OP/G5mynzftvD4DFrtibeyvZf5U7Be360mtSvgLHQhZ/CHbChb0BVeWeyJuTmAqqni98LcdVgttw==
  dependencies:
    "@prisma/engines-version" "2.14.0-28.5d491261d382a2a5ffdc71de17072b0e409f1cc1"

"@prisma/engines-version@2.14.0-28.5d491261d382a2a5ffdc71de17072b0e409f1cc1":
  version "2.14.0-28.5d491261d382a2a5ffdc71de17072b0e409f1cc1"
  resolved "https://registry.yarnpkg.com/@prisma/engines-version/-/engines-version-2.14.0-28.5d491261d382a2a5ffdc71de17072b0e409f1cc1.tgz"
  integrity sha512-Oz3yNV//9UTJ+ral5tF6Ryb/MLfOE3+2F3/bH4waTbNRDd/zXKoS3jTI3ViU8yRQ1AsOQa9/pV/kXSlxgtAh8Q==

"@prisma/engines@2.14.0-28.5d491261d382a2a5ffdc71de17072b0e409f1cc1":
  version "2.14.0-28.5d491261d382a2a5ffdc71de17072b0e409f1cc1"
  resolved "https://registry.yarnpkg.com/@prisma/engines/-/engines-2.14.0-28.5d491261d382a2a5ffdc71de17072b0e409f1cc1.tgz"
  integrity sha512-t5/Mq0VtL7khYQtbap8myr7RwyIvmruCFxsph6oTi8QZaklmuxSp7FAC2DWBz8r/KoZFngMpmliKfDrWN7uwzQ==

"@types/chalk@^2.2.0":
  version "2.2.0"
  resolved "https://registry.yarnpkg.com/@types/chalk/-/chalk-2.2.0.tgz"
  integrity sha512-1zzPV9FDe1I/WHhRkf9SNgqtRJWZqrBWgu7JGveuHmmyR9CnAPCie2N/x+iHrgnpYBIcCJWHBoMRv2TRWktsvw==
  dependencies:
    chalk "*"

"@types/lokijs@^1.5.3":
  version "1.5.3"
  resolved "https://registry.yarnpkg.com/@types/lokijs/-/lokijs-1.5.3.tgz"
  integrity sha512-ssiP6F7rpDqlaOzo+0Y/0dkVH2JiAjc+o7n6M4pFnfAMscf+7FthqS0cobvGJEJvxmzp4PWfMOfe0q3VETtrgQ==

"@types/node@^14.14.20":
  version "14.14.20"
  resolved "https://registry.yarnpkg.com/@types/node/-/node-14.14.20.tgz"
  integrity sha512-Y93R97Ouif9JEOWPIUyU+eyIdyRqQR0I8Ez1dzku4hDx34NWh4HbtIc3WNzwB1Y9ULvNGeu5B8h8bVL5cAk4/A==

"@types/tmi.js@^1.7.0":
  version "1.7.0"
  resolved "https://registry.yarnpkg.com/@types/tmi.js/-/tmi.js-1.7.0.tgz"
  integrity sha512-D9RuctHOsFLRLYauFXQIq1Uy7iL1A7MIyHZ5V8bTToZTMrY9tor4c4Yq9eAeJwrAad0gxhpbt3xjk+kZj7qdsQ==

ansi-styles@^4.1.0:
  version "4.3.0"
  resolved "https://registry.yarnpkg.com/ansi-styles/-/ansi-styles-4.3.0.tgz"
  integrity sha512-zbB9rCJAT1rbjiVDb2hqKFHNYLxgtk8NURxZ3IZwD3F6NtxbXZQCnnSi1Lkx+IDohdPlFp222wVALIheZJQSEg==
  dependencies:
    color-convert "^2.0.1"

bad-words@^3.0.4:
  version "3.0.4"
  resolved "https://registry.yarnpkg.com/bad-words/-/bad-words-3.0.4.tgz"
  integrity sha512-v/Q9uRPH4+yzDVLL4vR1+S9KoFgOEUl5s4axd6NIAq8SV2mradgi4E8lma/Y0cw1ltVdvyegCQQKffCPRCp8fg==
  dependencies:
    badwords-list "^1.0.0"

badwords-list@^1.0.0:
  version "1.0.0"
  resolved "https://registry.yarnpkg.com/badwords-list/-/badwords-list-1.0.0.tgz"
  integrity sha1-XphW2/E0gqKVw7CzBK+51M/FxXk=

chalk@*, chalk@^4.1.0:
  version "4.1.0"
  resolved "https://registry.yarnpkg.com/chalk/-/chalk-4.1.0.tgz"
  integrity sha512-qwx12AxXe2Q5xQ43Ac//I6v5aXTipYrSESdOgzrN+9XjgEpyjpKuvSGaN4qE93f7TQTlerQQ8S+EQ0EyDoVL1A==
  dependencies:
    ansi-styles "^4.1.0"
    supports-color "^7.1.0"

color-convert@^2.0.1:
  version "2.0.1"
  resolved "https://registry.yarnpkg.com/color-convert/-/color-convert-2.0.1.tgz"
  integrity sha512-RRECPsj7iu/xb5oKYcsFHSppFNnsj/52OVTRKb4zP5onXwVF3zVmmToNcOfGC+CRDpfK/U584fMg38ZHCaElKQ==
  dependencies:
    color-name "~1.1.4"

color-name@~1.1.4:
  version "1.1.4"
  resolved "https://registry.yarnpkg.com/color-name/-/color-name-1.1.4.tgz"
  integrity sha512-dOy+3AuW3a2wNbZHIuMZpTcgjGuLU/uBL/ubcZF9OXbDo8ff4O8yVp5Bf0efS8uEoYo5q4Fx7dY9OgQGXgAsQA==

has-flag@^4.0.0:
  version "4.0.0"
  resolved "https://registry.yarnpkg.com/has-flag/-/has-flag-4.0.0.tgz"
  integrity sha512-EykJT/Q1KjTWctppgIAgfSO0tKVuZUjhgMr17kqTumMl6Afv3EISleU7qZUzoXDFTAHTDC4NOoG/ZxU3EvlMPQ==

node-fetch@2.6.1:
  version "2.6.1"
  resolved "https://registry.yarnpkg.com/node-fetch/-/node-fetch-2.6.1.tgz"
  integrity sha512-V4aYg89jEoVRxRb2fJdAg8FHvI7cEyYdVAh94HH0UIK8oJxUfkjlDQN9RbMx+bEjP7+ggMiFRprSti032Oipxw==

prettier@^2.2.1:
  version "2.2.1"
  resolved "https://registry.yarnpkg.com/prettier/-/prettier-2.2.1.tgz"
  integrity sha512-PqyhM2yCjg/oKkFPtTGUojv7gnZAoG80ttl45O6x2Ug/rMJw4wcc9k6aaf2hibP7BGVCCM33gZoGjyvt9mm16Q==

rcon-client@^4.2.3:
  version "4.2.3"
  resolved "https://registry.yarnpkg.com/rcon-client/-/rcon-client-4.2.3.tgz"
  integrity sha512-g+DEzI3O0Nl4Y3mPp6DHhSpYeiv+wTq8iKxCumFGO0/SMCsdNfx9bpT5RyHa7phR5dvspKfQK0ZYJp1YCtXNng==
  dependencies:
    typed-emitter "^0.1.0"

supports-color@^7.1.0:
  version "7.2.0"
  resolved "https://registry.yarnpkg.com/supports-color/-/supports-color-7.2.0.tgz"
  integrity sha512-qpCAvRl9stuOHveKsn7HncJRvv501qIacKzQlO/+Lwxc9+0q2wLyv4Dfvt80/DPn2pqOBsJdDiogXGR9+OvwRw==
  dependencies:
    has-flag "^4.0.0"

tmi.js@^1.7.1:
  version "1.7.1"
  resolved "https://registry.yarnpkg.com/tmi.js/-/tmi.js-1.7.1.tgz"
  integrity sha512-QCGDjVT0i8GZ99paBsaXDvd++A7PzW051S2BSXClMni5gDj5wUV6+YIZAwUtLkvbR/lD9QlqjNJloCNuFYGo+A==
  dependencies:
    node-fetch "2.6.1"
    ws "7.4.0"

typed-emitter@^0.1.0:
  version "0.1.0"
  resolved "https://registry.yarnpkg.com/typed-emitter/-/typed-emitter-0.1.0.tgz"
  integrity sha512-Tfay0l6gJMP5rkil8CzGbLthukn+9BN/VXWcABVFPjOoelJ+koW8BuPZYk+h/L+lEeIp1fSzVRiWRPIjKVjPdg==

ws@7.4.0:
  version "7.4.0"
  resolved "https://registry.yarnpkg.com/ws/-/ws-7.4.0.tgz"
  integrity sha512-kyFwXuV/5ymf+IXhS6f0+eAFvydbaBW3zjpT6hUdAh/hbVjTIB5EHBGi0bPoCLSK2wcuz3BrEkB9LrYv1Nm4NQ==
